
Microsoft Visual Studio Solution File, Format Version 12.00
# Visual Studio Version 17
VisualStudioVersion = 17.8.34511.84
MinimumVisualStudioVersion = 10.0.40219.1
Project("{FAE04EC0-301F-11D3-BF4B-00C04F79EFBC}") = "QLPTGym", "QLPTGym\QLPTGym.csproj", "{1983A4B7-560E-4288-9EEE-F6762C23E42C}"
EndProject
Global
	GlobalSection(SolutionConfigurationPlatforms) = preSolution
		Debug|Any CPU = Debug|Any CPU
		Release|Any CPU = Release|Any CPU
	EndGlobalSection
	GlobalSection(ProjectConfigurationPlatforms) = postSolution
		{1983A4B7-560E-4288-9EEE-F6762C23E42C}.Debug|Any CPU.ActiveCfg = Debug|Any CPU
		{1983A4B7-560E-4288-9EEE-F6762C23E42C}.Debug|Any CPU.Build.0 = Debug|Any CPU
		{1983A4B7-560E-4288-9EEE-F6762C23E42C}.Release|Any CPU.ActiveCfg = Release|Any CPU
		{1983A4B7-560E-4288-9EEE-F6762C23E42C}.Release|Any CPU.Build.0 = Release|Any CPU
	EndGlobalSection
	GlobalSection(SolutionProperties) = preSolution
		HideSolutionNode = FALSE
	EndGlobalSection
	GlobalSection(ExtensibilityGlobals) = postSolution
		SolutionGuid = {20857FAE-C99D-40E0-9D8A-AA17333C2E1B}
	EndGlobalSection
EndGlobal
